PODS:
  - Flutter (1.0.0)
  - imglyKit (10.21.3)
  - PhotoEditorSDK (10.21.3):
    - imglyKit (= 10.21.3)

DEPENDENCIES:
  - Flutter (from `Flutter`)
  - PhotoEditorSDK

SPEC REPOS:
  trunk:
    - imglyKit
    - PhotoEditorSDK

EXTERNAL SOURCES:
  Flutter:
    :path: Flutter

SPEC CHECKSUMS:
  Flutter: 0e3d915762c693b495b44d77113d4970485de6ec
  imglyKit: f3091be82eedddd14ff23a684cba3d16b909a567
  PhotoEditorSDK: 31e041df15833c5de2d4d35a7571a6d3e9cc8e08

PODFILE CHECKSUM: 5272160fd506323c2ae2f84011a001e376624185

COCOAPODS: 1.10.0
